
Microsoft Visual Studio Solution File, Format Version 12.00
# Visual Studio Version 17
VisualStudioVersion = 17.8.34330.188
MinimumVisualStudioVersion = 10.0.40219.1
Project("{2150E333-8FDC-42A3-9474-1A3956D46DE8}") = "Resume.Presentation", "Resume.Presentation", "{E6E519F7-7E76-4399-BF91-EC76947C360B}"
EndProject
Project("{9A19103F-16F7-4668-BE54-9A1E7A4F7556}") = "Resume.Presentation", "Resume.Presentation\Resume.Presentation.csproj", "{13552C16-9504-483B-A6C7-F3DFB54782DE}"
EndProject
Global
	GlobalSection(SolutionConfigurationPlatforms) = preSolution
		Debug|Any CPU = Debug|Any CPU
		Release|Any CPU = Release|Any CPU
	EndGlobalSection
	GlobalSection(ProjectConfigurationPlatforms) = postSolution
		{13552C16-9504-483B-A6C7-F3DFB54782DE}.Debug|Any CPU.ActiveCfg = Debug|Any CPU
		{13552C16-9504-483B-A6C7-F3DFB54782DE}.Debug|Any CPU.Build.0 = Debug|Any CPU
		{13552C16-9504-483B-A6C7-F3DFB54782DE}.Release|Any CPU.ActiveCfg = Release|Any CPU
		{13552C16-9504-483B-A6C7-F3DFB54782DE}.Release|Any CPU.Build.0 = Release|Any CPU
	EndGlobalSection
	GlobalSection(SolutionProperties) = preSolution
		HideSolutionNode = FALSE
	EndGlobalSection
	GlobalSection(NestedProjects) = preSolution
		{13552C16-9504-483B-A6C7-F3DFB54782DE} = {E6E519F7-7E76-4399-BF91-EC76947C360B}
	EndGlobalSection
	GlobalSection(ExtensibilityGlobals) = postSolution
		SolutionGuid = {BCF3959C-2354-4D63-ACFB-91BF7E613CF6}
	EndGlobalSection
EndGlobal
